// !$*UTF8*$!
{
	archiveVersion = 1;
	classes = {
	};
	objectVersion = 55;
	objects = {

/* Begin PBXBuildFile section */
		3A17FE679634D2866CD24292 /* Pods_MBC_Movie_Guide.framework in Frameworks */ = {isa = PBXBuildFile; fileRef = DA204AEA64FB98D87449E935 /* Pods_MBC_Movie_Guide.framework */; };
		CF0B307A287E9D4300C093BA /* TimelineCoordinator.swift in Sources */ = {isa = PBXBuildFile; fileRef = CF0B3079287E9D4300C093BA /* TimelineCoordinator.swift */; };
		CF0B307C287E9E5D00C093BA /* TimelineViewModel.swift in Sources */ = {isa = PBXBuildFile; fileRef = CF0B307B287E9E5D00C093BA /* TimelineViewModel.swift */; };
		CF0B307E287E9EB600C093BA /* TimelineViewController.swift in Sources */ = {isa = PBXBuildFile; fileRef = CF0B307D287E9EB600C093BA /* TimelineViewController.swift */; };
		CF0B3080287E9ECB00C093BA /* TimelineViewController.storyboard in Resources */ = {isa = PBXBuildFile; fileRef = CF0B307F287E9ECB00C093BA /* TimelineViewController.storyboard */; };
		CF0B3084287EA89300C093BA /* CompositionalLayout.swift in Sources */ = {isa = PBXBuildFile; fileRef = CF0B3083287EA89300C093BA /* CompositionalLayout.swift */; };
		CF0B3088287EAC1C00C093BA /* MovieItem.swift in Sources */ = {isa = PBXBuildFile; fileRef = CF0B3087287EAC1C00C093BA /* MovieItem.swift */; };
		CF0B308C287EB23300C093BA /* MovieData.swift in Sources */ = {isa = PBXBuildFile; fileRef = CF0B308B287EB23300C093BA /* MovieData.swift */; };
		CF0B308E287EB32200C093BA /* NetworkService.swift in Sources */ = {isa = PBXBuildFile; fileRef = CF0B308D287EB32200C093BA /* NetworkService.swift */; };
		CF0B3090287EB33E00C093BA /* APIService.swift in Sources */ = {isa = PBXBuildFile; fileRef = CF0B308F287EB33E00C093BA /* APIService.swift */; };
		CF0B3093287EB7C500C093BA /* NError.swift in Sources */ = {isa = PBXBuildFile; fileRef = CF0B3092287EB7C500C093BA /* NError.swift */; };
		CF0B3096287EF6C200C093BA /* Data+Extensions.swift in Sources */ = {isa = PBXBuildFile; fileRef = CF0B3095287EF6C200C093BA /* Data+Extensions.swift */; };
		CF11BCE7287D9D420052A1DF /* UserSession.swift in Sources */ = {isa = PBXBuildFile; fileRef = CF11BCE6287D9D420052A1DF /* UserSession.swift */; };
		CF11BCE9287D9F380052A1DF /* String+Extensions.swift in Sources */ = {isa = PBXBuildFile; fileRef = CF11BCE8287D9F380052A1DF /* String+Extensions.swift */; };
		CF47AF962875C5A400ADED3D /* AppDelegate.swift in Sources */ = {isa = PBXBuildFile; fileRef = CF47AF952875C5A400ADED3D /* AppDelegate.swift */; };
		CF47AF982875C5A400ADED3D /* SceneDelegate.swift in Sources */ = {isa = PBXBuildFile; fileRef = CF47AF972875C5A400ADED3D /* SceneDelegate.swift */; };
		CF47AF9A2875C5A400ADED3D /* LandingViewController.swift in Sources */ = {isa = PBXBuildFile; fileRef = CF47AF992875C5A400ADED3D /* LandingViewController.swift */; };
		CF47AF9D2875C5A400ADED3D /* LandingViewController.storyboard in Resources */ = {isa = PBXBuildFile; fileRef = CF47AF9B2875C5A400ADED3D /* LandingViewController.storyboard */; };
		CF47AF9F2875C5A600ADED3D /* Assets.xcassets in Resources */ = {isa = PBXBuildFile; fileRef = CF47AF9E2875C5A600ADED3D /* Assets.xcassets */; };
		CF47AFA22875C5A600ADED3D /* LaunchScreen.storyboard in Resources */ = {isa = PBXBuildFile; fileRef = CF47AFA02875C5A600ADED3D /* LaunchScreen.storyboard */; };
		CF5539892887F4EA004CC1E5 /* MovieDetail.swift in Sources */ = {isa = PBXBuildFile; fileRef = CF5539882887F4EA004CC1E5 /* MovieDetail.swift */; };
		CF601E262884026C00AA7E80 /* LanguageService.swift in Sources */ = {isa = PBXBuildFile; fileRef = CF601E252884026C00AA7E80 /* LanguageService.swift */; };
		CF601E2A288589F000AA7E80 /* MBCImageView.swift in Sources */ = {isa = PBXBuildFile; fileRef = CF601E29288589F000AA7E80 /* MBCImageView.swift */; };
		CF601E482885A45800AA7E80 /* SideMenuTableViewCell.swift in Sources */ = {isa = PBXBuildFile; fileRef = CF601E462885A45800AA7E80 /* SideMenuTableViewCell.swift */; };
		CF601E492885A45800AA7E80 /* SideMenuTableViewCell.xib in Resources */ = {isa = PBXBuildFile; fileRef = CF601E472885A45800AA7E80 /* SideMenuTableViewCell.xib */; };
		CF7006E628871B7700D8F374 /* SideMenuCoordinator.swift in Sources */ = {isa = PBXBuildFile; fileRef = CF7006E128871B7700D8F374 /* SideMenuCoordinator.swift */; };
		CF7316F22886952B00F85F60 /* SideMenuViewController.swift in Sources */ = {isa = PBXBuildFile; fileRef = CF7316F02886952B00F85F60 /* SideMenuViewController.swift */; };
		CF7316F52886982A00F85F60 /* SideMenuUIModel.swift in Sources */ = {isa = PBXBuildFile; fileRef = CF7316F42886982A00F85F60 /* SideMenuUIModel.swift */; };
		CF8DD0CB2887E02D00A5ECFE /* MovieDetailsCoordinator.swift in Sources */ = {isa = PBXBuildFile; fileRef = CF8DD0C62887E02D00A5ECFE /* MovieDetailsCoordinator.swift */; };
		CF8DD0CC2887E02D00A5ECFE /* MovieDetailsViewController.swift in Sources */ = {isa = PBXBuildFile; fileRef = CF8DD0C72887E02D00A5ECFE /* MovieDetailsViewController.swift */; };
		CF8DD0CD2887E02D00A5ECFE /* MovieDetailsUIModel.swift in Sources */ = {isa = PBXBuildFile; fileRef = CF8DD0C82887E02D00A5ECFE /* MovieDetailsUIModel.swift */; };
		CF8DD0CE2887E02D00A5ECFE /* MovieDetailsViewModel.swift in Sources */ = {isa = PBXBuildFile; fileRef = CF8DD0C92887E02D00A5ECFE /* MovieDetailsViewModel.swift */; };
		CF8DD0CF2887E02D00A5ECFE /* MovieDetails.storyboard in Resources */ = {isa = PBXBuildFile; fileRef = CF8DD0CA2887E02D00A5ECFE /* MovieDetails.storyboard */; };
		CF8DD0DE2887E89300A5ECFE /* MovieDetailsCollectionView.swift in Sources */ = {isa = PBXBuildFile; fileRef = CF8DD0DD2887E89300A5ECFE /* MovieDetailsCollectionView.swift */; };
		CF8EB66328832FBE00D8F616 /* PopUpTableViewCell.swift in Sources */ = {isa = PBXBuildFile; fileRef = CF8EB66128832FBE00D8F616 /* PopUpTableViewCell.swift */; };
		CF8EB66428832FBE00D8F616 /* PopUpTableViewCell.xib in Resources */ = {isa = PBXBuildFile; fileRef = CF8EB66228832FBE00D8F616 /* PopUpTableViewCell.xib */; };
		CF8EB6662883313F00D8F616 /* Date+Extensions.swift in Sources */ = {isa = PBXBuildFile; fileRef = CF8EB6652883313F00D8F616 /* Date+Extensions.swift */; };
		CF918938287E000200198F17 /* User.swift in Sources */ = {isa = PBXBuildFile; fileRef = CF918937287E000200198F17 /* User.swift */; };
		CF94F9DC28802F1200FFF16A /* MBCCollectionView.swift in Sources */ = {isa = PBXBuildFile; fileRef = CF94F9DB28802F1200FFF16A /* MBCCollectionView.swift */; };
		CF94F9E1288041B700FFF16A /* TimelineMovieCell.swift in Sources */ = {isa = PBXBuildFile; fileRef = CF94F9E0288041B700FFF16A /* TimelineMovieCell.swift */; };
		CFA064D928883E7200379898 /* MovieDetailsHeaderReusableView.swift in Sources */ = {isa = PBXBuildFile; fileRef = CFA064D728883E7200379898 /* MovieDetailsHeaderReusableView.swift */; };
		CFA064DA28883E7200379898 /* MovieDetailsHeaderReusableView.xib in Resources */ = {isa = PBXBuildFile; fileRef = CFA064D828883E7200379898 /* MovieDetailsHeaderReusableView.xib */; };
		CFA61A1F288A80A300ACB756 /* ReminderMenuCoordinator.swift in Sources */ = {isa = PBXBuildFile; fileRef = CFA61A18288A80A300ACB756 /* ReminderMenuCoordinator.swift */; };
		CFA61A20288A80A300ACB756 /* ReminderMenuViewController.swift in Sources */ = {isa = PBXBuildFile; fileRef = CFA61A19288A80A300ACB756 /* ReminderMenuViewController.swift */; };
		CFA61A21288A80A300ACB756 /* ReminderMenuUIModel.swift in Sources */ = {isa = PBXBuildFile; fileRef = CFA61A1A288A80A300ACB756 /* ReminderMenuUIModel.swift */; };
		CFA61A22288A80A300ACB756 /* ReminderMenuViewModel.swift in Sources */ = {isa = PBXBuildFile; fileRef = CFA61A1B288A80A300ACB756 /* ReminderMenuViewModel.swift */; };
		CFA61A24288A80A300ACB756 /* ReminderMenu.storyboard in Resources */ = {isa = PBXBuildFile; fileRef = CFA61A1D288A80A300ACB756 /* ReminderMenu.storyboard */; };
		CFA61A2B288AC3D600ACB756 /* CalendarService.swift in Sources */ = {isa = PBXBuildFile; fileRef = CFA61A2A288AC3D600ACB756 /* CalendarService.swift */; };
		CFA61A34288BE4F200ACB756 /* SettingsCoordinator.swift in Sources */ = {isa = PBXBuildFile; fileRef = CFA61A2D288BE4F200ACB756 /* SettingsCoordinator.swift */; };
		CFA61A35288BE4F200ACB756 /* SettingsViewController.swift in Sources */ = {isa = PBXBuildFile; fileRef = CFA61A2E288BE4F200ACB756 /* SettingsViewController.swift */; };
		CFA61A36288BE4F200ACB756 /* SettingsUIModel.swift in Sources */ = {isa = PBXBuildFile; fileRef = CFA61A2F288BE4F200ACB756 /* SettingsUIModel.swift */; };
		CFA61A37288BE4F200ACB756 /* SettingsViewModel.swift in Sources */ = {isa = PBXBuildFile; fileRef = CFA61A30288BE4F200ACB756 /* SettingsViewModel.swift */; };
		CFA61A39288BE4F200ACB756 /* Settings.storyboard in Resources */ = {isa = PBXBuildFile; fileRef = CFA61A32288BE4F200ACB756 /* Settings.storyboard */; };
		CFA61A40288C628B00ACB756 /* MBCSegmentedControl.swift in Sources */ = {isa = PBXBuildFile; fileRef = CFA61A3F288C628B00ACB756 /* MBCSegmentedControl.swift */; };
		CFA61A42288C639200ACB756 /* UIImage+Extensions.swift in Sources */ = {isa = PBXBuildFile; fileRef = CFA61A41288C639200ACB756 /* UIImage+Extensions.swift */; };
		CFA7A9F02878049D001434F5 /* SignUpCoordinator.swift in Sources */ = {isa = PBXBuildFile; fileRef = CFA7A9EF2878049D001434F5 /* SignUpCoordinator.swift */; };
		CFA7A9F2287830F5001434F5 /* BaseCoordinator.swift in Sources */ = {isa = PBXBuildFile; fileRef = CFA7A9F1287830F5001434F5 /* BaseCoordinator.swift */; };
		CFA7AA0528789B62001434F5 /* SUMinorTableViewCell.swift in Sources */ = {isa = PBXBuildFile; fileRef = CFA7AA0328789B62001434F5 /* SUMinorTableViewCell.swift */; };
		CFA7AA0628789B62001434F5 /* SUMinorTableViewCell.xib in Resources */ = {isa = PBXBuildFile; fileRef = CFA7AA0428789B62001434F5 /* SUMinorTableViewCell.xib */; };
		CFAEBA7228896AFF00C5E8CF /* SynopsisCollectionViewCell.swift in Sources */ = {isa = PBXBuildFile; fileRef = CFAEBA7028896AFF00C5E8CF /* SynopsisCollectionViewCell.swift */; };
		CFAEBA7328896AFF00C5E8CF /* SynopsisCollectionViewCell.xib in Resources */ = {isa = PBXBuildFile; fileRef = CFAEBA7128896AFF00C5E8CF /* SynopsisCollectionViewCell.xib */; };
		CFAEBA762889728B00C5E8CF /* CastCollectionViewCell.swift in Sources */ = {isa = PBXBuildFile; fileRef = CFAEBA742889728B00C5E8CF /* CastCollectionViewCell.swift */; };
		CFAEBA772889728B00C5E8CF /* CastCollectionViewCell.xib in Resources */ = {isa = PBXBuildFile; fileRef = CFAEBA752889728B00C5E8CF /* CastCollectionViewCell.xib */; };
		CFAEBA802889769E00C5E8CF /* heebo.thin.ttf in Resources */ = {isa = PBXBuildFile; fileRef = CFAEBA792889769E00C5E8CF /* heebo.thin.ttf */; };
		CFAEBA812889769E00C5E8CF /* heebo.light.ttf in Resources */ = {isa = PBXBuildFile; fileRef = CFAEBA7A2889769E00C5E8CF /* heebo.light.ttf */; };
		CFAEBA822889769E00C5E8CF /* heebo.extrabold.ttf in Resources */ = {isa = PBXBuildFile; fileRef = CFAEBA7B2889769E00C5E8CF /* heebo.extrabold.ttf */; };
		CFAEBA832889769E00C5E8CF /* heebo.regular.ttf in Resources */ = {isa = PBXBuildFile; fileRef = CFAEBA7C2889769E00C5E8CF /* heebo.regular.ttf */; };
		CFAEBA842889769E00C5E8CF /* heebo.bold.ttf in Resources */ = {isa = PBXBuildFile; fileRef = CFAEBA7D2889769E00C5E8CF /* heebo.bold.ttf */; };
		CFAEBA852889769E00C5E8CF /* heebo.black.ttf in Resources */ = {isa = PBXBuildFile; fileRef = CFAEBA7E2889769E00C5E8CF /* heebo.black.ttf */; };
		CFAEBA862889769E00C5E8CF /* heebo.medium.ttf in Resources */ = {isa = PBXBuildFile; fileRef = CFAEBA7F2889769E00C5E8CF /* heebo.medium.ttf */; };
		CFAEBA89288997E600C5E8CF /* SectionTitleReusableHeaderView.swift in Sources */ = {isa = PBXBuildFile; fileRef = CFAEBA87288997E600C5E8CF /* SectionTitleReusableHeaderView.swift */; };
		CFAEBA8A288997E600C5E8CF /* SectionTitleReusableHeaderView.xib in Resources */ = {isa = PBXBuildFile; fileRef = CFAEBA88288997E600C5E8CF /* SectionTitleReusableHeaderView.xib */; };
		CFBCD64B287C15C900D9EA0D /* WebViewController.swift in Sources */ = {isa = PBXBuildFile; fileRef = CFBCD64A287C15C900D9EA0D /* WebViewController.swift */; };
		CFBFD75C2876B3E500D4BBBB /* SignUpViewController.storyboard in Resources */ = {isa = PBXBuildFile; fileRef = CFBFD75B2876B3E500D4BBBB /* SignUpViewController.storyboard */; };
		CFBFD75E2876B41900D4BBBB /* SignUpViewController.swift in Sources */ = {isa = PBXBuildFile; fileRef = CFBFD75D2876B41900D4BBBB /* SignUpViewController.swift */; };
		CFBFD7602876B43400D4BBBB /* SignUpViewModel.swift in Sources */ = {isa = PBXBuildFile; fileRef = CFBFD75F2876B43400D4BBBB /* SignUpViewModel.swift */; };
		CFBFD7652876BFCA00D4BBBB /* Constants.swift in Sources */ = {isa = PBXBuildFile; fileRef = CFBFD7642876BFCA00D4BBBB /* Constants.swift */; };
		CFC330F328760813001A956C /* LandingViewModel.swift in Sources */ = {isa = PBXBuildFile; fileRef = CFC330F228760813001A956C /* LandingViewModel.swift */; };
		CFC330FA287611B3001A956C /* Almarai-Bold.ttf in Resources */ = {isa = PBXBuildFile; fileRef = CFC330F5287611B3001A956C /* Almarai-Bold.ttf */; };
		CFC330FB287611B3001A956C /* Almarai-ExtraBold.ttf in Resources */ = {isa = PBXBuildFile; fileRef = CFC330F6287611B3001A956C /* Almarai-ExtraBold.ttf */; };
		CFC330FC287611B3001A956C /* Almarai-Regular.ttf in Resources */ = {isa = PBXBuildFile; fileRef = CFC330F7287611B3001A956C /* Almarai-Regular.ttf */; };
		CFC330FE287611B3001A956C /* Almarai-Light.ttf in Resources */ = {isa = PBXBuildFile; fileRef = CFC330F9287611B3001A956C /* Almarai-Light.ttf */; };
		CFC7E2292889D9A400958AFC /* GenresCollectionViewCell.swift in Sources */ = {isa = PBXBuildFile; fileRef = CFC7E2272889D9A400958AFC /* GenresCollectionViewCell.swift */; };
		CFC7E22A2889D9A400958AFC /* GenresCollectionViewCell.xib in Resources */ = {isa = PBXBuildFile; fileRef = CFC7E2282889D9A400958AFC /* GenresCollectionViewCell.xib */; };
		CFC8E9512876F5DE006E33E6 /* SignUpTableViewCell.swift in Sources */ = {isa = PBXBuildFile; fileRef = CFC8E94F2876F5DE006E33E6 /* SignUpTableViewCell.swift */; };
		CFC8E9522876F5DE006E33E6 /* SignUpTableViewCell.xib in Resources */ = {isa = PBXBuildFile; fileRef = CFC8E9502876F5DE006E33E6 /* SignUpTableViewCell.xib */; };
		CFC8E95F28770404006E33E6 /* Localizable.strings in Resources */ = {isa = PBXBuildFile; fileRef = CFC8E96128770404006E33E6 /* Localizable.strings */; };
		CFC8E96828774F7D006E33E6 /* AppCoordinator.swift in Sources */ = {isa = PBXBuildFile; fileRef = CFC8E96728774F7D006E33E6 /* AppCoordinator.swift */; };
		CFC8E97128775CBF006E33E6 /* LandingCoordinator.swift in Sources */ = {isa = PBXBuildFile; fileRef = CFC8E97028775CBF006E33E6 /* LandingCoordinator.swift */; };
		CFC8E97328776A94006E33E6 /* UIViewController+Extensions.swift in Sources */ = {isa = PBXBuildFile; fileRef = CFC8E97228776A94006E33E6 /* UIViewController+Extensions.swift */; };
		CFD51CD8288D66B200F14A03 /* Localize_Swift in Frameworks */ = {isa = PBXBuildFile; productRef = CFD51CD7288D66B200F14A03 /* Localize_Swift */; };
		CFD51CDA288D7C2E00F14A03 /* NSTextAlignment+Extensions.swift in Sources */ = {isa = PBXBuildFile; fileRef = CFD51CD9288D7C2E00F14A03 /* NSTextAlignment+Extensions.swift */; };
		CFE2CC252889CD3000006B54 /* DirectorsCollectionViewCell.swift in Sources */ = {isa = PBXBuildFile; fileRef = CFE2CC232889CD3000006B54 /* DirectorsCollectionViewCell.swift */; };
		CFE2CC262889CD3000006B54 /* DirectorsCollectionViewCell.xib in Resources */ = {isa = PBXBuildFile; fileRef = CFE2CC242889CD3000006B54 /* DirectorsCollectionViewCell.xib */; };
		CFF39AD028815ABF00A7D428 /* BackgroundSupplementaryView.swift in Sources */ = {isa = PBXBuildFile; fileRef = CFF39ACF28815ABF00A7D428 /* BackgroundSupplementaryView.swift */; };
		CFF39AD2288165EF00A7D428 /* SectionHeaderReusableView.swift in Sources */ = {isa = PBXBuildFile; fileRef = CFF39AD1288165EF00A7D428 /* SectionHeaderReusableView.swift */; };
		CFF39AD62881F93E00A7D428 /* UIView+Extensions.swift in Sources */ = {isa = PBXBuildFile; fileRef = CFF39AD52881F93E00A7D428 /* UIView+Extensions.swift */; };
		CFF39AD92883169300A7D428 /* PopUpViewController.swift in Sources */ = {isa = PBXBuildFile; fileRef = CFF39AD72883169300A7D428 /* PopUpViewController.swift */; };
		CFF39ADA2883169300A7D428 /* PopUpViewController.xib in Resources */ = {isa = PBXBuildFile; fileRef = CFF39AD82883169300A7D428 /* PopUpViewController.xib */; };
		CFF9F2932886EAEF00DDE552 /* SideMenuViewModel.swift in Sources */ = {isa = PBXBuildFile; fileRef = CFF9F2922886EAEF00DDE552 /* SideMenuViewModel.swift */; };
		CFF9F2B02886F8A700DDE552 /* SideMenuViewController.storyboard in Resources */ = {isa = PBXBuildFile; fileRef = CFF9F2A92886F8A700DDE552 /* SideMenuViewController.storyboard */; };
/* End PBXBuildFile section */

/* Begin PBXFileReference section */
		50C34EB3AF3491D5477A5043 /* Pods-MBC Movie Guide.debug.xcconfig */ = {isa = PBXFileReference; includeInIndex = 1; lastKnownFileType = text.xcconfig; name = "Pods-MBC Movie Guide.debug.xcconfig"; path = "Target Support Files/Pods-MBC Movie Guide/Pods-MBC Movie Guide.debug.xcconfig"; sourceTree = "<group>"; };
		5EC4C3071CD6C3AB4101ED04 /* Pods-MBC Movie Guide.release.xcconfig */ = {isa = PBXFileReference; includeInIndex = 1; lastKnownFileType = text.xcconfig; name = "Pods-MBC Movie Guide.release.xcconfig"; path = "Target Support Files/Pods-MBC Movie Guide/Pods-MBC Movie Guide.release.xcconfig"; sourceTree = "<group>"; };
		CF0B3079287E9D4300C093BA /* TimelineCoordinator.swift */ = {isa = PBXFileReference; lastKnownFileType = sourcecode.swift; path = TimelineCoordinator.swift; sourceTree = "<group>"; };
		CF0B307B287E9E5D00C093BA /* TimelineViewModel.swift */ = {isa = PBXFileReference; lastKnownFileType = sourcecode.swift; path = TimelineViewModel.swift; sourceTree = "<group>"; };
		CF0B307D287E9EB600C093BA /* TimelineViewController.swift */ = {isa = PBXFileReference; lastKnownFileType = sourcecode.swift; path = TimelineViewController.swift; sourceTree = "<group>"; };
		CF0B307F287E9ECB00C093BA /* TimelineViewController.storyboard */ = {isa = PBXFileReference; lastKnownFileType = file.storyboard; path = TimelineViewController.storyboard; sourceTree = "<group>"; };
		CF0B3083287EA89300C093BA /* CompositionalLayout.swift */ = {isa = PBXFileReference; lastKnownFileType = sourcecode.swift; path = CompositionalLayout.swift; sourceTree = "<group>"; };
		CF0B3087287EAC1C00C093BA /* MovieItem.swift */ = {isa = PBXFileReference; lastKnownFileType = sourcecode.swift; path = MovieItem.swift; sourceTree = "<group>"; };
		CF0B308B287EB23300C093BA /* MovieData.swift */ = {isa = PBXFileReference; lastKnownFileType = sourcecode.swift; path = MovieData.swift; sourceTree = "<group>"; };
		CF0B308D287EB32200C093BA /* NetworkService.swift */ = {isa = PBXFileReference; lastKnownFileType = sourcecode.swift; path = NetworkService.swift; sourceTree = "<group>"; };
		CF0B308F287EB33E00C093BA /* APIService.swift */ = {isa = PBXFileReference; lastKnownFileType = sourcecode.swift; path = APIService.swift; sourceTree = "<group>"; };
		CF0B3092287EB7C500C093BA /* NError.swift */ = {isa = PBXFileReference; lastKnownFileType = sourcecode.swift; path = NError.swift; sourceTree = "<group>"; };
		CF0B3095287EF6C200C093BA /* Data+Extensions.swift */ = {isa = PBXFileReference; lastKnownFileType = sourcecode.swift; path = "Data+Extensions.swift"; sourceTree = "<group>"; };
		CF11BCE6287D9D420052A1DF /* UserSession.swift */ = {isa = PBXFileReference; lastKnownFileType = sourcecode.swift; path = UserSession.swift; sourceTree = "<group>"; };
		CF11BCE8287D9F380052A1DF /* String+Extensions.swift */ = {isa = PBXFileReference; lastKnownFileType = sourcecode.swift; path = "String+Extensions.swift"; sourceTree = "<group>"; };
		CF47AF922875C5A400ADED3D /* MBC Movie Guide.app */ = {isa = PBXFileReference; explicitFileType = wrapper.application; includeInIndex = 0; path = "MBC Movie Guide.app"; sourceTree = BUILT_PRODUCTS_DIR; };
		CF47AF952875C5A400ADED3D /* AppDelegate.swift */ = {isa = PBXFileReference; lastKnownFileType = sourcecode.swift; path = AppDelegate.swift; sourceTree = "<group>"; };
		CF47AF972875C5A400ADED3D /* SceneDelegate.swift */ = {isa = PBXFileReference; lastKnownFileType = sourcecode.swift; path = SceneDelegate.swift; sourceTree = "<group>"; };
		CF47AF992875C5A400ADED3D /* LandingViewController.swift */ = {isa = PBXFileReference; lastKnownFileType = sourcecode.swift; path = LandingViewController.swift; sourceTree = "<group>"; };
		CF47AF9C2875C5A400ADED3D /* Base */ = {isa = PBXFileReference; lastKnownFileType = file.storyboard; name = Base; path = Base.lproj/LandingViewController.storyboard; sourceTree = "<group>"; };
		CF47AF9E2875C5A600ADED3D /* Assets.xcassets */ = {isa = PBXFileReference; lastKnownFileType = folder.assetcatalog; path = Assets.xcassets; sourceTree = "<group>"; };
		CF47AFA12875C5A600ADED3D /* Base */ = {isa = PBXFileReference; lastKnownFileType = file.storyboard; name = Base; path = Base.lproj/LaunchScreen.storyboard; sourceTree = "<group>"; };
		CF47AFA32875C5A600ADED3D /* Info.plist */ = {isa = PBXFileReference; lastKnownFileType = text.plist.xml; path = Info.plist; sourceTree = "<group>"; };
		CF5539882887F4EA004CC1E5 /* MovieDetail.swift */ = {isa = PBXFileReference; lastKnownFileType = sourcecode.swift; path = MovieDetail.swift; sourceTree = "<group>"; };
		CF601E252884026C00AA7E80 /* LanguageService.swift */ = {isa = PBXFileReference; lastKnownFileType = sourcecode.swift; path = LanguageService.swift; sourceTree = "<group>"; };
		CF601E29288589F000AA7E80 /* MBCImageView.swift */ = {isa = PBXFileReference; lastKnownFileType = sourcecode.swift; path = MBCImageView.swift; sourceTree = "<group>"; };
		CF601E462885A45800AA7E80 /* SideMenuTableViewCell.swift */ = {isa = PBXFileReference; lastKnownFileType = sourcecode.swift; path = SideMenuTableViewCell.swift; sourceTree = "<group>"; };
		CF601E472885A45800AA7E80 /* SideMenuTableViewCell.xib */ = {isa = PBXFileReference; lastKnownFileType = file.xib; path = SideMenuTableViewCell.xib; sourceTree = "<group>"; };
		CF7006E128871B7700D8F374 /* SideMenuCoordinator.swift */ = {isa = PBXFileReference; lastKnownFileType = sourcecode.swift; path = SideMenuCoordinator.swift; sourceTree = "<group>"; };
		CF7316F02886952B00F85F60 /* SideMenuViewController.swift */ = {isa = PBXFileReference; lastKnownFileType = sourcecode.swift; path = SideMenuViewController.swift; sourceTree = "<group>"; };
		CF7316F42886982A00F85F60 /* SideMenuUIModel.swift */ = {isa = PBXFileReference; lastKnownFileType = sourcecode.swift; path = SideMenuUIModel.swift; sourceTree = "<group>"; };
		CF8DD0C62887E02D00A5ECFE /* MovieDetailsCoordinator.swift */ = {isa = PBXFileReference; lastKnownFileType = sourcecode.swift; path = MovieDetailsCoordinator.swift; sourceTree = "<group>"; };
		CF8DD0C72887E02D00A5ECFE /* MovieDetailsViewController.swift */ = {isa = PBXFileReference; lastKnownFileType = sourcecode.swift; path = MovieDetailsViewController.swift; sourceTree = "<group>"; };
		CF8DD0C82887E02D00A5ECFE /* MovieDetailsUIModel.swift */ = {isa = PBXFileReference; lastKnownFileType = sourcecode.swift; path = MovieDetailsUIModel.swift; sourceTree = "<group>"; };
		CF8DD0C92887E02D00A5ECFE /* MovieDetailsViewModel.swift */ = {isa = PBXFileReference; lastKnownFileType = sourcecode.swift; path = MovieDetailsViewModel.swift; sourceTree = "<group>"; };
		CF8DD0CA2887E02D00A5ECFE /* MovieDetails.storyboard */ = {isa = PBXFileReference; lastKnownFileType = file.storyboard; path = MovieDetails.storyboard; sourceTree = "<group>"; };
		CF8DD0DD2887E89300A5ECFE /* MovieDetailsCollectionView.swift */ = {isa = PBXFileReference; lastKnownFileType = sourcecode.swift; path = MovieDetailsCollectionView.swift; sourceTree = "<group>"; };
		CF8EB66128832FBE00D8F616 /* PopUpTableViewCell.swift */ = {isa = PBXFileReference; lastKnownFileType = sourcecode.swift; path = PopUpTableViewCell.swift; sourceTree = "<group>"; };
		CF8EB66228832FBE00D8F616 /* PopUpTableViewCell.xib */ = {isa = PBXFileReference; lastKnownFileType = file.xib; path = PopUpTableViewCell.xib; sourceTree = "<group>"; };
		CF8EB6652883313F00D8F616 /* Date+Extensions.swift */ = {isa = PBXFileReference; lastKnownFileType = sourcecode.swift; path = "Date+Extensions.swift"; sourceTree = "<group>"; };
		CF918937287E000200198F17 /* User.swift */ = {isa = PBXFileReference; lastKnownFileType = sourcecode.swift; path = User.swift; sourceTree = "<group>"; };
		CF94F9DB28802F1200FFF16A /* MBCCollectionView.swift */ = {isa = PBXFileReference; lastKnownFileType = sourcecode.swift; path = MBCCollectionView.swift; sourceTree = "<group>"; };
		CF94F9E0288041B700FFF16A /* TimelineMovieCell.swift */ = {isa = PBXFileReference; lastKnownFileType = sourcecode.swift; path = TimelineMovieCell.swift; sourceTree = "<group>"; };
		CFA064D728883E7200379898 /* MovieDetailsHeaderReusableView.swift */ = {isa = PBXFileReference; lastKnownFileType = sourcecode.swift; path = MovieDetailsHeaderReusableView.swift; sourceTree = "<group>"; };
		CFA064D828883E7200379898 /* MovieDetailsHeaderReusableView.xib */ = {isa = PBXFileReference; lastKnownFileType = file.xib; path = MovieDetailsHeaderReusableView.xib; sourceTree = "<group>"; };
		CFA61A18288A80A300ACB756 /* ReminderMenuCoordinator.swift */ = {isa = PBXFileReference; lastKnownFileType = sourcecode.swift; path = ReminderMenuCoordinator.swift; sourceTree = "<group>"; };
		CFA61A19288A80A300ACB756 /* ReminderMenuViewController.swift */ = {isa = PBXFileReference; lastKnownFileType = sourcecode.swift; path = ReminderMenuViewController.swift; sourceTree = "<group>"; };
		CFA61A1A288A80A300ACB756 /* ReminderMenuUIModel.swift */ = {isa = PBXFileReference; lastKnownFileType = sourcecode.swift; path = ReminderMenuUIModel.swift; sourceTree = "<group>"; };
		CFA61A1B288A80A300ACB756 /* ReminderMenuViewModel.swift */ = {isa = PBXFileReference; lastKnownFileType = sourcecode.swift; path = ReminderMenuViewModel.swift; sourceTree = "<group>"; };
		CFA61A1D288A80A300ACB756 /* ReminderMenu.storyboard */ = {isa = PBXFileReference; lastKnownFileType = file.storyboard; path = ReminderMenu.storyboard; sourceTree = "<group>"; };
		CFA61A2A288AC3D600ACB756 /* CalendarService.swift */ = {isa = PBXFileReference; lastKnownFileType = sourcecode.swift; path = CalendarService.swift; sourceTree = "<group>"; };
		CFA61A2D288BE4F200ACB756 /* SettingsCoordinator.swift */ = {isa = PBXFileReference; lastKnownFileType = sourcecode.swift; path = SettingsCoordinator.swift; sourceTree = "<group>"; };
		CFA61A2E288BE4F200ACB756 /* SettingsViewController.swift */ = {isa = PBXFileReference; lastKnownFileType = sourcecode.swift; path = SettingsViewController.swift; sourceTree = "<group>"; };
		CFA61A2F288BE4F200ACB756 /* SettingsUIModel.swift */ = {isa = PBXFileReference; lastKnownFileType = sourcecode.swift; path = SettingsUIModel.swift; sourceTree = "<group>"; };
		CFA61A30288BE4F200ACB756 /* SettingsViewModel.swift */ = {isa = PBXFileReference; lastKnownFileType = sourcecode.swift; path = SettingsViewModel.swift; sourceTree = "<group>"; };
		CFA61A32288BE4F200ACB756 /* Settings.storyboard */ = {isa = PBXFileReference; lastKnownFileType = file.storyboard; path = Settings.storyboard; sourceTree = "<group>"; };
		CFA61A3F288C628B00ACB756 /* MBCSegmentedControl.swift */ = {isa = PBXFileReference; lastKnownFileType = sourcecode.swift; path = MBCSegmentedControl.swift; sourceTree = "<group>"; };
		CFA61A41288C639200ACB756 /* UIImage+Extensions.swift */ = {isa = PBXFileReference; lastKnownFileType = sourcecode.swift; path = "UIImage+Extensions.swift"; sourceTree = "<group>"; };
		CFA7A9EF2878049D001434F5 /* SignUpCoordinator.swift */ = {isa = PBXFileReference; lastKnownFileType = sourcecode.swift; path = SignUpCoordinator.swift; sourceTree = "<group>"; };
		CFA7A9F1287830F5001434F5 /* BaseCoordinator.swift */ = {isa = PBXFileReference; lastKnownFileType = sourcecode.swift; path = BaseCoordinator.swift; sourceTree = "<group>"; };
		CFA7AA0328789B62001434F5 /* SUMinorTableViewCell.swift */ = {isa = PBXFileReference; lastKnownFileType = sourcecode.swift; path = SUMinorTableViewCell.swift; sourceTree = "<group>"; };
		CFA7AA0428789B62001434F5 /* SUMinorTableViewCell.xib */ = {isa = PBXFileReference; lastKnownFileType = file.xib; path = SUMinorTableViewCell.xib; sourceTree = "<group>"; };
		CFAEBA7028896AFF00C5E8CF /* SynopsisCollectionViewCell.swift */ = {isa = PBXFileReference; lastKnownFileType = sourcecode.swift; path = SynopsisCollectionViewCell.swift; sourceTree = "<group>"; };
		CFAEBA7128896AFF00C5E8CF /* SynopsisCollectionViewCell.xib */ = {isa = PBXFileReference; lastKnownFileType = file.xib; path = SynopsisCollectionViewCell.xib; sourceTree = "<group>"; };
		CFAEBA742889728B00C5E8CF /* CastCollectionViewCell.swift */ = {isa = PBXFileReference; lastKnownFileType = sourcecode.swift; path = CastCollectionViewCell.swift; sourceTree = "<group>"; };
		CFAEBA752889728B00C5E8CF /* CastCollectionViewCell.xib */ = {isa = PBXFileReference; lastKnownFileType = file.xib; path = CastCollectionViewCell.xib; sourceTree = "<group>"; };
		CFAEBA792889769E00C5E8CF /* heebo.thin.ttf */ = {isa = PBXFileReference; lastKnownFileType = file; path = heebo.thin.ttf; sourceTree = "<group>"; };
		CFAEBA7A2889769E00C5E8CF /* heebo.light.ttf */ = {isa = PBXFileReference; lastKnownFileType = file; path = heebo.light.ttf; sourceTree = "<group>"; };
		CFAEBA7B2889769E00C5E8CF /* heebo.extrabold.ttf */ = {isa = PBXFileReference; lastKnownFileType = file; path = heebo.extrabold.ttf; sourceTree = "<group>"; };
		CFAEBA7C2889769E00C5E8CF /* heebo.regular.ttf */ = {isa = PBXFileReference; lastKnownFileType = file; path = heebo.regular.ttf; sourceTree = "<group>"; };
		CFAEBA7D2889769E00C5E8CF /* heebo.bold.ttf */ = {isa = PBXFileReference; lastKnownFileType = file; path = heebo.bold.ttf; sourceTree = "<group>"; };
		CFAEBA7E2889769E00C5E8CF /* heebo.black.ttf */ = {isa = PBXFileReference; lastKnownFileType = file; path = heebo.black.ttf; sourceTree = "<group>"; };
		CFAEBA7F2889769E00C5E8CF /* heebo.medium.ttf */ = {isa = PBXFileReference; lastKnownFileType = file; path = heebo.medium.ttf; sourceTree = "<group>"; };
		CFAEBA87288997E600C5E8CF /* SectionTitleReusableHeaderView.swift */ = {isa = PBXFileReference; lastKnownFileType = sourcecode.swift; path = SectionTitleReusableHeaderView.swift; sourceTree = "<group>"; };
		CFAEBA88288997E600C5E8CF /* SectionTitleReusableHeaderView.xib */ = {isa = PBXFileReference; lastKnownFileType = file.xib; path = SectionTitleReusableHeaderView.xib; sourceTree = "<group>"; };
		CFBCD64A287C15C900D9EA0D /* WebViewController.swift */ = {isa = PBXFileReference; lastKnownFileType = sourcecode.swift; path = WebViewController.swift; sourceTree = "<group>"; };
		CFBFD75B2876B3E500D4BBBB /* SignUpViewController.storyboard */ = {isa = PBXFileReference; lastKnownFileType = file.storyboard; path = SignUpViewController.storyboard; sourceTree = "<group>"; };
		CFBFD75D2876B41900D4BBBB /* SignUpViewController.swift */ = {isa = PBXFileReference; lastKnownFileType = sourcecode.swift; path = SignUpViewController.swift; sourceTree = "<group>"; };
		CFBFD75F2876B43400D4BBBB /* SignUpViewModel.swift */ = {isa = PBXFileReference; lastKnownFileType = sourcecode.swift; path = SignUpViewModel.swift; sourceTree = "<group>"; };
		CFBFD7642876BFCA00D4BBBB /* Constants.swift */ = {isa = PBXFileReference; lastKnownFileType = sourcecode.swift; path = Constants.swift; sourceTree = "<group>"; };
		CFC330F228760813001A956C /* LandingViewModel.swift */ = {isa = PBXFileReference; lastKnownFileType = sourcecode.swift; path = LandingViewModel.swift; sourceTree = "<group>"; };
		CFC330F5287611B3001A956C /* Almarai-Bold.ttf */ = {isa = PBXFileReference; lastKnownFileType = file; path = "Almarai-Bold.ttf"; sourceTree = "<group>"; };
		CFC330F6287611B3001A956C /* Almarai-ExtraBold.ttf */ = {isa = PBXFileReference; lastKnownFileType = file; path = "Almarai-ExtraBold.ttf"; sourceTree = "<group>"; };
		CFC330F7287611B3001A956C /* Almarai-Regular.ttf */ = {isa = PBXFileReference; lastKnownFileType = file; path = "Almarai-Regular.ttf"; sourceTree = "<group>"; };
		CFC330F9287611B3001A956C /* Almarai-Light.ttf */ = {isa = PBXFileReference; lastKnownFileType = file; path = "Almarai-Light.ttf"; sourceTree = "<group>"; };
		CFC7E2272889D9A400958AFC /* GenresCollectionViewCell.swift */ = {isa = PBXFileReference; lastKnownFileType = sourcecode.swift; path = GenresCollectionViewCell.swift; sourceTree = "<group>"; };
		CFC7E2282889D9A400958AFC /* GenresCollectionViewCell.xib */ = {isa = PBXFileReference; lastKnownFileType = file.xib; path = GenresCollectionViewCell.xib; sourceTree = "<group>"; };
		CFC8E94F2876F5DE006E33E6 /* SignUpTableViewCell.swift */ = {isa = PBXFileReference; lastKnownFileType = sourcecode.swift; path = SignUpTableViewCell.swift; sourceTree = "<group>"; };
		CFC8E9502876F5DE006E33E6 /* SignUpTableViewCell.xib */ = {isa = PBXFileReference; lastKnownFileType = file.xib; path = SignUpTableViewCell.xib; sourceTree = "<group>"; };
		CFC8E96028770404006E33E6 /* en */ = {isa = PBXFileReference; lastKnownFileType = text.plist.strings; name = en; path = en.lproj/Localizable.strings; sourceTree = "<group>"; };
		CFC8E96228770409006E33E6 /* ar */ = {isa = PBXFileReference; lastKnownFileType = text.plist.strings; name = ar; path = ar.lproj/Localizable.strings; sourceTree = "<group>"; };
		CFC8E96728774F7D006E33E6 /* AppCoordinator.swift */ = {isa = PBXFileReference; lastKnownFileType = sourcecode.swift; path = AppCoordinator.swift; sourceTree = "<group>"; };
		CFC8E97028775CBF006E33E6 /* LandingCoordinator.swift */ = {isa = PBXFileReference; lastKnownFileType = sourcecode.swift; path = LandingCoordinator.swift; sourceTree = "<group>"; };
		CFC8E97228776A94006E33E6 /* UIViewController+Extensions.swift */ = {isa = PBXFileReference; lastKnownFileType = sourcecode.swift; path = "UIViewController+Extensions.swift"; sourceTree = "<group>"; };
		CFD51CD9288D7C2E00F14A03 /* NSTextAlignment+Extensions.swift */ = {isa = PBXFileReference; lastKnownFileType = sourcecode.swift; path = "NSTextAlignment+Extensions.swift"; sourceTree = "<group>"; };
		CFE2CC232889CD3000006B54 /* DirectorsCollectionViewCell.swift */ = {isa = PBXFileReference; lastKnownFileType = sourcecode.swift; path = DirectorsCollectionViewCell.swift; sourceTree = "<group>"; };
		CFE2CC242889CD3000006B54 /* DirectorsCollectionViewCell.xib */ = {isa = PBXFileReference; lastKnownFileType = file.xib; path = DirectorsCollectionViewCell.xib; sourceTree = "<group>"; };
		CFF39ACF28815ABF00A7D428 /* BackgroundSupplementaryView.swift */ = {isa = PBXFileReference; lastKnownFileType = sourcecode.swift; path = BackgroundSupplementaryView.swift; sourceTree = "<group>"; };
		CFF39AD1288165EF00A7D428 /* SectionHeaderReusableView.swift */ = {isa = PBXFileReference; lastKnownFileType = sourcecode.swift; path = SectionHeaderReusableView.swift; sourceTree = "<group>"; };
		CFF39AD52881F93E00A7D428 /* UIView+Extensions.swift */ = {isa = PBXFileReference; lastKnownFileType = sourcecode.swift; path = "UIView+Extensions.swift"; sourceTree = "<group>"; };
		CFF39AD72883169300A7D428 /* PopUpViewController.swift */ = {isa = PBXFileReference; lastKnownFileType = sourcecode.swift; path = PopUpViewController.swift; sourceTree = "<group>"; };
		CFF39AD82883169300A7D428 /* PopUpViewController.xib */ = {isa = PBXFileReference; lastKnownFileType = file.xib; path = PopUpViewController.xib; sourceTree = "<group>"; };
		CFF9F2922886EAEF00DDE552 /* SideMenuViewModel.swift */ = {isa = PBXFileReference; lastKnownFileType = sourcecode.swift; path = SideMenuViewModel.swift; sourceTree = "<group>"; };
		CFF9F2A92886F8A700DDE552 /* SideMenuViewController.storyboard */ = {isa = PBXFileReference; lastKnownFileType = file.storyboard; path = SideMenuViewController.storyboard; sourceTree = "<group>"; };
		DA204AEA64FB98D87449E935 /* Pods_MBC_Movie_Guide.framework */ = {isa = PBXFileReference; explicitFileType = wrapper.framework; includeInIndex = 0; path = Pods_MBC_Movie_Guide.framework; sourceTree = BUILT_PRODUCTS_DIR; };
/* End PBXFileReference section */

/* Begin PBXFrameworksBuildPhase section */
		CF47AF8F2875C5A400ADED3D /* Frameworks */ = {
			isa = PBXFrameworksBuildPhase;
			buildActionMask = 2147483647;
			files = (
				3A17FE679634D2866CD24292 /* Pods_MBC_Movie_Guide.framework in Frameworks */,
				CFD51CD8288D66B200F14A03 /* Localize_Swift in Frameworks */,
			);
			runOnlyForDeploymentPostprocessing = 0;
		};
/* End PBXFrameworksBuildPhase section */

/* Begin PBXGroup section */
		555323FCC31382292C088B65 /* Pods */ = {
			isa = PBXGroup;
			children = (
				50C34EB3AF3491D5477A5043 /* Pods-MBC Movie Guide.debug.xcconfig */,
				5EC4C3071CD6C3AB4101ED04 /* Pods-MBC Movie Guide.release.xcconfig */,
			);
			path = Pods;
			sourceTree = "<group>";
		};
		5CBC24BA81611340CA388E0B /* Frameworks */ = {
			isa = PBXGroup;
			children = (
				DA204AEA64FB98D87449E935 /* Pods_MBC_Movie_Guide.framework */,
			);
			name = Frameworks;
			sourceTree = "<group>";
		};
		CF0B3075287E9CEA00C093BA /* Timeline */ = {
			isa = PBXGroup;
			children = (
				CF0B3076287E9D0400C093BA /* Coordinator */,
				CF0B3077287E9D0D00C093BA /* ViewModel */,
				CF0B3078287E9D1500C093BA /* View */,
			);
			path = Timeline;
			sourceTree = "<group>";
		};
		CF0B3076287E9D0400C093BA /* Coordinator */ = {
			isa = PBXGroup;
			children = (
				CF0B3079287E9D4300C093BA /* TimelineCoordinator.swift */,
			);
			path = Coordinator;
			sourceTree = "<group>";
		};
		CF0B3077287E9D0D00C093BA /* ViewModel */ = {
			isa = PBXGroup;
			children = (
				CF0B307B287E9E5D00C093BA /* TimelineViewModel.swift */,
			);
			path = ViewModel;
			sourceTree = "<group>";
		};
		CF0B3078287E9D1500C093BA /* View */ = {
			isa = PBXGroup;
			children = (
				CFF39ACE28815AA400A7D428 /* Layout */,
				CF0B3081287EA06B00C093BA /* Cells */,
				CF0B307D287E9EB600C093BA /* TimelineViewController.swift */,
				CF0B307F287E9ECB00C093BA /* TimelineViewController.storyboard */,
			);
			path = View;
			sourceTree = "<group>";
		};
		CF0B3081287EA06B00C093BA /* Cells */ = {
			isa = PBXGroup;
			children = (
				CF94F9E0288041B700FFF16A /* TimelineMovieCell.swift */,
			);
			path = Cells;
			sourceTree = "<group>";
		};
		CF0B3082287EA87800C093BA /* Compositional Layout */ = {
			isa = PBXGroup;
			children = (
				CF0B3083287EA89300C093BA /* CompositionalLayout.swift */,
			);
			path = "Compositional Layout";
			sourceTree = "<group>";
		};
		CF0B3091287EB7A600C093BA /* Network Service */ = {
			isa = PBXGroup;
			children = (
				CF0B308D287EB32200C093BA /* NetworkService.swift */,
				CF0B3092287EB7C500C093BA /* NError.swift */,
			);
			path = "Network Service";
			sourceTree = "<group>";
		};
		CF0B3094287EBF1500C093BA /* API Models */ = {
			isa = PBXGroup;
			children = (
				CF0B3087287EAC1C00C093BA /* MovieItem.swift */,
				CF0B308B287EB23300C093BA /* MovieData.swift */,
				CF5539882887F4EA004CC1E5 /* MovieDetail.swift */,
			);
			path = "API Models";
			sourceTree = "<group>";
		};
		CF3FDC622883E65100E6D928 /* PopUp Menu */ = {
			isa = PBXGroup;
			children = (
				CF3FDC632883E65800E6D928 /* Cell */,
				CFF39AD72883169300A7D428 /* PopUpViewController.swift */,
				CFF39AD82883169300A7D428 /* PopUpViewController.xib */,
			);
			path = "PopUp Menu";
			sourceTree = "<group>";
		};
		CF3FDC632883E65800E6D928 /* Cell */ = {
			isa = PBXGroup;
			children = (
				CF8EB66128832FBE00D8F616 /* PopUpTableViewCell.swift */,
				CF8EB66228832FBE00D8F616 /* PopUpTableViewCell.xib */,
			);
			path = Cell;
			sourceTree = "<group>";
		};
		CF47AF892875C5A400ADED3D = {
			isa = PBXGroup;
			children = (
				CF47AF942875C5A400ADED3D /* MBC Movie Guide */,
				CF47AF932875C5A400ADED3D /* Products */,
				555323FCC31382292C088B65 /* Pods */,
				5CBC24BA81611340CA388E0B /* Frameworks */,
			);
			sourceTree = "<group>";
		};
		CF47AF932875C5A400ADED3D /* Products */ = {
			isa = PBXGroup;
			children = (
				CF47AF922875C5A400ADED3D /* MBC Movie Guide.app */,
			);
			name = Products;
			sourceTree = "<group>";
		};
		CF47AF942875C5A400ADED3D /* MBC Movie Guide */ = {
			isa = PBXGroup;
			children = (
				CF47AFA92875D69600ADED3D /* Supporting Files */,
				CFC8E96E28775495006E33E6 /* Extensions */,
				CF601E27288589B900AA7E80 /* UIComponents */,
				CFA7A9F3287850EB001434F5 /* Coordinator */,
				CFC8E96D28775489006E33E6 /* Models */,
				CFC8E963287726F1006E33E6 /* Modules */,
				CFBFD7632876BFAC00D4BBBB /* Utils */,
				CFC8E96F287754CF006E33E6 /* Services */,
				CF47AFAA2875D6AC00ADED3D /* Resources */,
			);
			path = "MBC Movie Guide";
			sourceTree = "<group>";
		};
		CF47AFA92875D69600ADED3D /* Supporting Files */ = {
			isa = PBXGroup;
			children = (
				CF47AF952875C5A400ADED3D /* AppDelegate.swift */,
				CF47AF972875C5A400ADED3D /* SceneDelegate.swift */,
				CF47AFA02875C5A600ADED3D /* LaunchScreen.storyboard */,
				CF47AFA32875C5A600ADED3D /* Info.plist */,
			);
			path = "Supporting Files";
			sourceTree = "<group>";
		};
		CF47AFAA2875D6AC00ADED3D /* Resources */ = {
			isa = PBXGroup;
			children = (
				CFAEBA782889769E00C5E8CF /* Heebo */,
				CFC330F4287611B3001A956C /* Almarai */,
				CF47AF9E2875C5A600ADED3D /* Assets.xcassets */,
			);
			path = Resources;
			sourceTree = "<group>";
		};
		CF47AFAB2875FC6C00ADED3D /* Landing */ = {
			isa = PBXGroup;
			children = (
				CFC8E96A28775435006E33E6 /* Coordinator */,
				CFBFD7612876B44000D4BBBB /* View Model */,
				CFC8E96928775420006E33E6 /* View */,
			);
			path = Landing;
			sourceTree = "<group>";
		};
		CF601E27288589B900AA7E80 /* UIComponents */ = {
			isa = PBXGroup;
			children = (
				CF601E28288589CC00AA7E80 /* Atoms */,
			);
			path = UIComponents;
			sourceTree = "<group>";
		};
		CF601E28288589CC00AA7E80 /* Atoms */ = {
			isa = PBXGroup;
			children = (
				CF601E29288589F000AA7E80 /* MBCImageView.swift */,
				CFA61A3F288C628B00ACB756 /* MBCSegmentedControl.swift */,
			);
			path = Atoms;
			sourceTree = "<group>";
		};
		CF601E45288596A100AA7E80 /* Side Menu */ = {
			isa = PBXGroup;
			children = (
				CFF9F28B2886E98B00DDE552 /* Coordinator */,
				CFF9F28C2886E99700DDE552 /* ViewModel */,
				CFF9F2962886EDA900DDE552 /* View */,
			);
			path = "Side Menu";
			sourceTree = "<group>";
		};
		CF601E4A2885A45D00AA7E80 /* Cell */ = {
			isa = PBXGroup;
			children = (
				CF601E462885A45800AA7E80 /* SideMenuTableViewCell.swift */,
				CF601E472885A45800AA7E80 /* SideMenuTableViewCell.xib */,
			);
			path = Cell;
			sourceTree = "<group>";
		};
		CF8DD0C52887DFBC00A5ECFE /* Movie Details */ = {
			isa = PBXGroup;
			children = (
				CF8DD0DA2887E7D200A5ECFE /* Coordinator */,
				CF8DD0D82887E7C400A5ECFE /* ViewModel */,
				CF8DD0D72887E7BD00A5ECFE /* View */,
			);
			path = "Movie Details";
			sourceTree = "<group>";
		};
		CF8DD0D72887E7BD00A5ECFE /* View */ = {
			isa = PBXGroup;
			children = (
				CF8DD0DB2887E83300A5ECFE /* Layout */,
				CF8DD0DC2887E84000A5ECFE /* Cells */,
				CF8DD0C72887E02D00A5ECFE /* MovieDetailsViewController.swift */,
				CF8DD0CA2887E02D00A5ECFE /* MovieDetails.storyboard */,
			);
			path = View;
			sourceTree = "<group>";
		};
		CF8DD0D82887E7C400A5ECFE /* ViewModel */ = {
			isa = PBXGroup;
			children = (
				CFA064D6288818CF00379898 /* UIModel */,
				CF8DD0C92887E02D00A5ECFE /* MovieDetailsViewModel.swift */,
			);
			path = ViewModel;
			sourceTree = "<group>";
		};
		CF8DD0DA2887E7D200A5ECFE /* Coordinator */ = {
			isa = PBXGroup;
			children = (
				CF8DD0C62887E02D00A5ECFE /* MovieDetailsCoordinator.swift */,
			);
			path = Coordinator;
			sourceTree = "<group>";
		};
		CF8DD0DB2887E83300A5ECFE /* Layout */ = {
			isa = PBXGroup;
			children = (
				CF8DD0DD2887E89300A5ECFE /* MovieDetailsCollectionView.swift */,
				CFA064DB28883E7A00379898 /* Header */,
			);
			path = Layout;
			sourceTree = "<group>";
		};
		CF8DD0DC2887E84000A5ECFE /* Cells */ = {
			isa = PBXGroup;
			children = (
				CFC7E2232889CD9200958AFC /* Synopsis Cell */,
				CFC7E2242889CD9E00958AFC /* Cast Cell */,
				CFC7E2252889CDA700958AFC /* Directors Cell */,
				CFC7E2262889D97600958AFC /* Genres Cell */,
			);
			path = Cells;
			sourceTree = "<group>";
		};
		CFA064D6288818CF00379898 /* UIModel */ = {
			isa = PBXGroup;
			children = (
				CF8DD0C82887E02D00A5ECFE /* MovieDetailsUIModel.swift */,
			);
			path = UIModel;
			sourceTree = "<group>";
		};
		CFA064DB28883E7A00379898 /* Header */ = {
			isa = PBXGroup;
			children = (
				CFE2CC272889CD4100006B54 /* Movie Details Header */,
				CFE2CC282889CD5B00006B54 /* Section Title Header */,
			);
			path = Header;
			sourceTree = "<group>";
		};
		CFA61A17288A805D00ACB756 /* Reminder Menu */ = {
			isa = PBXGroup;
			children = (
				CFA61A26288A80AF00ACB756 /* Coordinator */,
				CFA61A27288A80B900ACB756 /* ViewModel */,
				CFA61A29288A810900ACB756 /* View */,
			);
			path = "Reminder Menu";
			sourceTree = "<group>";
		};
		CFA61A26288A80AF00ACB756 /* Coordinator */ = {
			isa = PBXGroup;
			children = (
				CFA61A18288A80A300ACB756 /* ReminderMenuCoordinator.swift */,
			);
			path = Coordinator;
			sourceTree = "<group>";
		};
		CFA61A27288A80B900ACB756 /* ViewModel */ = {
			isa = PBXGroup;
			children = (
				CFA61A28288A80C400ACB756 /* UIModel */,
				CFA61A1B288A80A300ACB756 /* ReminderMenuViewModel.swift */,
			);
			path = ViewModel;
			sourceTree = "<group>";
		};
		CFA61A28288A80C400ACB756 /* UIModel */ = {
			isa = PBXGroup;
			children = (
				CFA61A1A288A80A300ACB756 /* ReminderMenuUIModel.swift */,
			);
			path = UIModel;
			sourceTree = "<group>";
		};
		CFA61A29288A810900ACB756 /* View */ = {
			isa = PBXGroup;
			children = (
				CFA61A19288A80A300ACB756 /* ReminderMenuViewController.swift */,
				CFA61A1D288A80A300ACB756 /* ReminderMenu.storyboard */,
			);
			path = View;
			sourceTree = "<group>";
		};
		CFA61A2C288BE4C900ACB756 /* Settings */ = {
			isa = PBXGroup;
			children = (
				CFA61A3B288BE54200ACB756 /* Coordinator */,
				CFA61A3D288BE56300ACB756 /* ViewModel */,
				CFA61A3C288BE55400ACB756 /* View */,
			);
			path = Settings;
			sourceTree = "<group>";
		};
		CFA61A3B288BE54200ACB756 /* Coordinator */ = {
			isa = PBXGroup;
			children = (
				CFA61A2D288BE4F200ACB756 /* SettingsCoordinator.swift */,
			);
			path = Coordinator;
			sourceTree = "<group>";
		};
		CFA61A3C288BE55400ACB756 /* View */ = {
			isa = PBXGroup;
			children = (
				CFA61A2E288BE4F200ACB756 /* SettingsViewController.swift */,
				CFA61A32288BE4F200ACB756 /* Settings.storyboard */,
			);
			path = View;
			sourceTree = "<group>";
		};
		CFA61A3D288BE56300ACB756 /* ViewModel */ = {
			isa = PBXGroup;
			children = (
				CFA61A3E288BE56E00ACB756 /* UIModel */,
				CFA61A30288BE4F200ACB756 /* SettingsViewModel.swift */,
			);
			path = ViewModel;
			sourceTree = "<group>";
		};
		CFA61A3E288BE56E00ACB756 /* UIModel */ = {
			isa = PBXGroup;
			children = (
				CFA61A2F288BE4F200ACB756 /* SettingsUIModel.swift */,
			);
			path = UIModel;
			sourceTree = "<group>";
		};
		CFA7A9F3287850EB001434F5 /* Coordinator */ = {
			isa = PBXGroup;
			children = (
				CFA7A9F1287830F5001434F5 /* BaseCoordinator.swift */,
				CFC8E96728774F7D006E33E6 /* AppCoordinator.swift */,
			);
			path = Coordinator;
			sourceTree = "<group>";
		};
		CFA7A9F62878642D001434F5 /* Cells */ = {
			isa = PBXGroup;
			children = (
				CFC8E94E2876F415006E33E6 /* SignUpCell */,
				CFA7AA072878AC1C001434F5 /* SUMinorCell */,
			);
			path = Cells;
			sourceTree = "<group>";
		};
		CFA7AA072878AC1C001434F5 /* SUMinorCell */ = {
			isa = PBXGroup;
			children = (
				CFA7AA0328789B62001434F5 /* SUMinorTableViewCell.swift */,
				CFA7AA0428789B62001434F5 /* SUMinorTableViewCell.xib */,
			);
			path = SUMinorCell;
			sourceTree = "<group>";
		};
		CFAEBA782889769E00C5E8CF /* Heebo */ = {
			isa = PBXGroup;
			children = (
				CFAEBA792889769E00C5E8CF /* heebo.thin.ttf */,
				CFAEBA7A2889769E00C5E8CF /* heebo.light.ttf */,
				CFAEBA7B2889769E00C5E8CF /* heebo.extrabold.ttf */,
				CFAEBA7C2889769E00C5E8CF /* heebo.regular.ttf */,
				CFAEBA7D2889769E00C5E8CF /* heebo.bold.ttf */,
				CFAEBA7E2889769E00C5E8CF /* heebo.black.ttf */,
				CFAEBA7F2889769E00C5E8CF /* heebo.medium.ttf */,
			);
			path = Heebo;
			sourceTree = "<group>";
		};
		CFBCD647287C154900D9EA0D /* WebView */ = {
			isa = PBXGroup;
			children = (
				CFBCD64A287C15C900D9EA0D /* WebViewController.swift */,
			);
			path = WebView;
			sourceTree = "<group>";
		};
		CFBCD64E287C2AFE00D9EA0D /* Constants */ = {
			isa = PBXGroup;
			children = (
				CFBFD7642876BFCA00D4BBBB /* Constants.swift */,
			);
			path = Constants;
			sourceTree = "<group>";
		};
		CFBFD75A2876B39D00D4BBBB /* Sign Up */ = {
			isa = PBXGroup;
			children = (
				CFC8E96C28775465006E33E6 /* Coordinator */,
				CFBFD7622876B45000D4BBBB /* ViewModel */,
				CFC8E96B2877544B006E33E6 /* View */,
			);
			path = "Sign Up";
			sourceTree = "<group>";
		};
		CFBFD7612876B44000D4BBBB /* View Model */ = {
			isa = PBXGroup;
			children = (
				CFC330F228760813001A956C /* LandingViewModel.swift */,
			);
			path = "View Model";
			sourceTree = "<group>";
		};
		CFBFD7622876B45000D4BBBB /* ViewModel */ = {
			isa = PBXGroup;
			children = (
				CFBFD75F2876B43400D4BBBB /* SignUpViewModel.swift */,
			);
			path = ViewModel;
			sourceTree = "<group>";
		};
		CFBFD7632876BFAC00D4BBBB /* Utils */ = {
			isa = PBXGroup;
			children = (
				CF0B3082287EA87800C093BA /* Compositional Layout */,
				CFC8E9532876FFCC006E33E6 /* Localization */,
				CFBCD64E287C2AFE00D9EA0D /* Constants */,
			);
			path = Utils;
			sourceTree = "<group>";
		};
		CFC330F4287611B3001A956C /* Almarai */ = {
			isa = PBXGroup;
			children = (
				CFC330F5287611B3001A956C /* Almarai-Bold.ttf */,
				CFC330F6287611B3001A956C /* Almarai-ExtraBold.ttf */,
				CFC330F7287611B3001A956C /* Almarai-Regular.ttf */,
				CFC330F9287611B3001A956C /* Almarai-Light.ttf */,
			);
			path = Almarai;
			sourceTree = "<group>";
		};
		CFC7E2232889CD9200958AFC /* Synopsis Cell */ = {
			isa = PBXGroup;
			children = (
				CFAEBA7028896AFF00C5E8CF /* SynopsisCollectionViewCell.swift */,
				CFAEBA7128896AFF00C5E8CF /* SynopsisCollectionViewCell.xib */,
			);
			path = "Synopsis Cell";
			sourceTree = "<group>";
		};
		CFC7E2242889CD9E00958AFC /* Cast Cell */ = {
			isa = PBXGroup;
			children = (
				CFAEBA742889728B00C5E8CF /* CastCollectionViewCell.swift */,
				CFAEBA752889728B00C5E8CF /* CastCollectionViewCell.xib */,
			);
			path = "Cast Cell";
			sourceTree = "<group>";
		};
		CFC7E2252889CDA700958AFC /* Directors Cell */ = {
			isa = PBXGroup;
			children = (
				CFE2CC232889CD3000006B54 /* DirectorsCollectionViewCell.swift */,
				CFE2CC242889CD3000006B54 /* DirectorsCollectionViewCell.xib */,
			);
			path = "Directors Cell";
			sourceTree = "<group>";
		};
		CFC7E2262889D97600958AFC /* Genres Cell */ = {
			isa = PBXGroup;
			children = (
				CFC7E2272889D9A400958AFC /* GenresCollectionViewCell.swift */,
				CFC7E2282889D9A400958AFC /* GenresCollectionViewCell.xib */,
			);
			path = "Genres Cell";
			sourceTree = "<group>";
		};
		CFC8E94E2876F415006E33E6 /* SignUpCell */ = {
			isa = PBXGroup;
			children = (
				CFC8E94F2876F5DE006E33E6 /* SignUpTableViewCell.swift */,
				CFC8E9502876F5DE006E33E6 /* SignUpTableViewCell.xib */,
			);
			path = SignUpCell;
			sourceTree = "<group>";
		};
		CFC8E9532876FFCC006E33E6 /* Localization */ = {
			isa = PBXGroup;
			children = (
				CFC8E96128770404006E33E6 /* Localizable.strings */,
			);
			path = Localization;
			sourceTree = "<group>";
		};
		CFC8E963287726F1006E33E6 /* Modules */ = {
			isa = PBXGroup;
			children = (
				CF47AFAB2875FC6C00ADED3D /* Landing */,
				CFBFD75A2876B39D00D4BBBB /* Sign Up */,
				CFBCD647287C154900D9EA0D /* WebView */,
				CF0B3075287E9CEA00C093BA /* Timeline */,
				CF3FDC622883E65100E6D928 /* PopUp Menu */,
				CF601E45288596A100AA7E80 /* Side Menu */,
				CF8DD0C52887DFBC00A5ECFE /* Movie Details */,
				CFA61A17288A805D00ACB756 /* Reminder Menu */,
				CFA61A2C288BE4C900ACB756 /* Settings */,
			);
			path = Modules;
			sourceTree = "<group>";
		};
		CFC8E96928775420006E33E6 /* View */ = {
			isa = PBXGroup;
			children = (
				CF47AF992875C5A400ADED3D /* LandingViewController.swift */,
				CF47AF9B2875C5A400ADED3D /* LandingViewController.storyboard */,
			);
			path = View;
			sourceTree = "<group>";
		};
		CFC8E96A28775435006E33E6 /* Coordinator */ = {
			isa = PBXGroup;
			children = (
				CFC8E97028775CBF006E33E6 /* LandingCoordinator.swift */,
			);
			path = Coordinator;
			sourceTree = "<group>";
		};
		CFC8E96B2877544B006E33E6 /* View */ = {
			isa = PBXGroup;
			children = (
				CFA7A9F62878642D001434F5 /* Cells */,
				CFBFD75D2876B41900D4BBBB /* SignUpViewController.swift */,
				CFBFD75B2876B3E500D4BBBB /* SignUpViewController.storyboard */,
			);
			path = View;
			sourceTree = "<group>";
		};
		CFC8E96C28775465006E33E6 /* Coordinator */ = {
			isa = PBXGroup;
			children = (
				CFA7A9EF2878049D001434F5 /* SignUpCoordinator.swift */,
			);
			path = Coordinator;
			sourceTree = "<group>";
		};
		CFC8E96D28775489006E33E6 /* Models */ = {
			isa = PBXGroup;
			children = (
				CF0B3094287EBF1500C093BA /* API Models */,
				CF918937287E000200198F17 /* User.swift */,
			);
			path = Models;
			sourceTree = "<group>";
		};
		CFC8E96E28775495006E33E6 /* Extensions */ = {
			isa = PBXGroup;
			children = (
				CFC8E97228776A94006E33E6 /* UIViewController+Extensions.swift */,
				CFF39AD52881F93E00A7D428 /* UIView+Extensions.swift */,
				CF11BCE8287D9F380052A1DF /* String+Extensions.swift */,
				CF0B3095287EF6C200C093BA /* Data+Extensions.swift */,
				CF8EB6652883313F00D8F616 /* Date+Extensions.swift */,
				CFA61A41288C639200ACB756 /* UIImage+Extensions.swift */,
				CFD51CD9288D7C2E00F14A03 /* NSTextAlignment+Extensions.swift */,
			);
			path = Extensions;
			sourceTree = "<group>";
		};
		CFC8E96F287754CF006E33E6 /* Services */ = {
			isa = PBXGroup;
			children = (
				CF0B3091287EB7A600C093BA /* Network Service */,
				CF0B308F287EB33E00C093BA /* APIService.swift */,
				CF601E252884026C00AA7E80 /* LanguageService.swift */,
				CFA61A2A288AC3D600ACB756 /* CalendarService.swift */,
				CF11BCE6287D9D420052A1DF /* UserSession.swift */,
			);
			path = Services;
			sourceTree = "<group>";
		};
		CFE2CC272889CD4100006B54 /* Movie Details Header */ = {
			isa = PBXGroup;
			children = (
				CFA064D728883E7200379898 /* MovieDetailsHeaderReusableView.swift */,
				CFA064D828883E7200379898 /* MovieDetailsHeaderReusableView.xib */,
			);
			path = "Movie Details Header";
			sourceTree = "<group>";
		};
		CFE2CC282889CD5B00006B54 /* Section Title Header */ = {
			isa = PBXGroup;
			children = (
				CFAEBA87288997E600C5E8CF /* SectionTitleReusableHeaderView.swift */,
				CFAEBA88288997E600C5E8CF /* SectionTitleReusableHeaderView.xib */,
			);
			path = "Section Title Header";
			sourceTree = "<group>";
		};
		CFF39ACE28815AA400A7D428 /* Layout */ = {
			isa = PBXGroup;
			children = (
				CF94F9DB28802F1200FFF16A /* MBCCollectionView.swift */,
				CFF39ACF28815ABF00A7D428 /* BackgroundSupplementaryView.swift */,
				CFF39AD1288165EF00A7D428 /* SectionHeaderReusableView.swift */,
			);
			path = Layout;
			sourceTree = "<group>";
		};
		CFF9F28B2886E98B00DDE552 /* Coordinator */ = {
			isa = PBXGroup;
			children = (
				CF7006E128871B7700D8F374 /* SideMenuCoordinator.swift */,
			);
			path = Coordinator;
			sourceTree = "<group>";
		};
		CFF9F28C2886E99700DDE552 /* ViewModel */ = {
			isa = PBXGroup;
			children = (
				CFF9F2952886ED9400DDE552 /* UIModel */,
				CFF9F2922886EAEF00DDE552 /* SideMenuViewModel.swift */,
			);
			path = ViewModel;
			sourceTree = "<group>";
		};
		CFF9F2952886ED9400DDE552 /* UIModel */ = {
			isa = PBXGroup;
			children = (
				CF7316F42886982A00F85F60 /* SideMenuUIModel.swift */,
			);
			path = UIModel;
			sourceTree = "<group>";
		};
		CFF9F2962886EDA900DDE552 /* View */ = {
			isa = PBXGroup;
			children = (
				CF601E4A2885A45D00AA7E80 /* Cell */,
				CF7316F02886952B00F85F60 /* SideMenuViewController.swift */,
				CFF9F2A92886F8A700DDE552 /* SideMenuViewController.storyboard */,
			);
			path = View;
			sourceTree = "<group>";
		};
/* End PBXGroup section */

/* Begin PBXNativeTarget section */
		CF47AF912875C5A400ADED3D /* MBC Movie Guide */ = {
			isa = PBXNativeTarget;
			buildConfigurationList = CF47AFA62875C5A600ADED3D /* Build configuration list for PBXNativeTarget "MBC Movie Guide" */;
			buildPhases = (
				0B70C1930ABF977CFDEC5787 /* [CP] Check Pods Manifest.lock */,
				CF47AF8E2875C5A400ADED3D /* Sources */,
				CF47AF8F2875C5A400ADED3D /* Frameworks */,
				CF47AF902875C5A400ADED3D /* Resources */,
				89521296B177DD4D2CAD118A /* [CP] Embed Pods Frameworks */,
			);
			buildRules = (
			);
			dependencies = (
			);
			name = "MBC Movie Guide";
			packageProductDependencies = (
				CFD51CD7288D66B200F14A03 /* Localize_Swift */,
			);
			productName = "MBC Movie Guide";
			productReference = CF47AF922875C5A400ADED3D /* MBC Movie Guide.app */;
			productType = "com.apple.product-type.application";
		};
/* End PBXNativeTarget section */

/* Begin PBXProject section */
		CF47AF8A2875C5A400ADED3D /* Project object */ = {
			isa = PBXProject;
			attributes = {
				BuildIndependentTargetsInParallel = 1;
				LastSwiftUpdateCheck = 1340;
				LastUpgradeCheck = 1340;
				TargetAttributes = {
					CF47AF912875C5A400ADED3D = {
						CreatedOnToolsVersion = 13.4.1;
					};
				};
			};
			buildConfigurationList = CF47AF8D2875C5A400ADED3D /* Build configuration list for PBXProject "MBC Movie Guide" */;
			compatibilityVersion = "Xcode 13.0";
			developmentRegion = en;
			hasScannedForEncodings = 0;
			knownRegions = (
				en,
				Base,
				ar,
			);
			mainGroup = CF47AF892875C5A400ADED3D;
			packageReferences = (
				CFD51CD6288D66B200F14A03 /* XCRemoteSwiftPackageReference "Localize-Swift" */,
			);
			productRefGroup = CF47AF932875C5A400ADED3D /* Products */;
			projectDirPath = "";
			projectRoot = "";
			targets = (
				CF47AF912875C5A400ADED3D /* MBC Movie Guide */,
			);
		};
/* End PBXProject section */

/* Begin PBXResourcesBuildPhase section */
		CF47AF902875C5A400ADED3D /* Resources */ = {
			isa = PBXResourcesBuildPhase;
			buildActionMask = 2147483647;
			files = (
				CFAEBA832889769E00C5E8CF /* heebo.regular.ttf in Resources */,
				CFAEBA8A288997E600C5E8CF /* SectionTitleReusableHeaderView.xib in Resources */,
				CFC330FE287611B3001A956C /* Almarai-Light.ttf in Resources */,
				CFA7AA0628789B62001434F5 /* SUMinorTableViewCell.xib in Resources */,
				CF47AFA22875C5A600ADED3D /* LaunchScreen.storyboard in Resources */,
				CFE2CC262889CD3000006B54 /* DirectorsCollectionViewCell.xib in Resources */,
				CFC330FA287611B3001A956C /* Almarai-Bold.ttf in Resources */,
				CF8DD0CF2887E02D00A5ECFE /* MovieDetails.storyboard in Resources */,
				CFAEBA772889728B00C5E8CF /* CastCollectionViewCell.xib in Resources */,
				CF8EB66428832FBE00D8F616 /* PopUpTableViewCell.xib in Resources */,
				CFAEBA862889769E00C5E8CF /* heebo.medium.ttf in Resources */,
				CF47AF9F2875C5A600ADED3D /* Assets.xcassets in Resources */,
				CF601E492885A45800AA7E80 /* SideMenuTableViewCell.xib in Resources */,
				CFF9F2B02886F8A700DDE552 /* SideMenuViewController.storyboard in Resources */,
				CFC7E22A2889D9A400958AFC /* GenresCollectionViewCell.xib in Resources */,
				CFAEBA812889769E00C5E8CF /* heebo.light.ttf in Resources */,
				CFF39ADA2883169300A7D428 /* PopUpViewController.xib in Resources */,
				CFAEBA842889769E00C5E8CF /* heebo.bold.ttf in Resources */,
				CFAEBA7328896AFF00C5E8CF /* SynopsisCollectionViewCell.xib in Resources */,
				CFAEBA852889769E00C5E8CF /* heebo.black.ttf in Resources */,
				CFC8E9522876F5DE006E33E6 /* SignUpTableViewCell.xib in Resources */,
				CF0B3080287E9ECB00C093BA /* TimelineViewController.storyboard in Resources */,
				CFA064DA28883E7200379898 /* MovieDetailsHeaderReusableView.xib in Resources */,
				CFC8E95F28770404006E33E6 /* Localizable.strings in Resources */,
				CFAEBA822889769E00C5E8CF /* heebo.extrabold.ttf in Resources */,
				CF47AF9D2875C5A400ADED3D /* LandingViewController.storyboard in Resources */,
				CFC330FB287611B3001A956C /* Almarai-ExtraBold.ttf in Resources */,
				CFA61A39288BE4F200ACB756 /* Settings.storyboard in Resources */,
				CFBFD75C2876B3E500D4BBBB /* SignUpViewController.storyboard in Resources */,
				CFAEBA802889769E00C5E8CF /* heebo.thin.ttf in Resources */,
				CFC330FC287611B3001A956C /* Almarai-Regular.ttf in Resources */,
				CFA61A24288A80A300ACB756 /* ReminderMenu.storyboard in Resources */,
			);
			runOnlyForDeploymentPostprocessing = 0;
		};
/* End PBXResourcesBuildPhase section */

/* Begin PBXShellScriptBuildPhase section */
		0B70C1930ABF977CFDEC5787 /* [CP] Check Pods Manifest.lock */ = {
			isa = PBXShellScriptBuildPhase;
			buildActionMask = 2147483647;
			files = (
			);
			inputFileListPaths = (
			);
			inputPaths = (
				"${PODS_PODFILE_DIR_PATH}/Podfile.lock",
				"${PODS_ROOT}/Manifest.lock",
			);
			name = "[CP] Check Pods Manifest.lock";
			outputFileListPaths = (
			);
			outputPaths = (
				"$(DERIVED_FILE_DIR)/Pods-MBC Movie Guide-checkManifestLockResult.txt",
			);
			runOnlyForDeploymentPostprocessing = 0;
			shellPath = /bin/sh;
			shellScript = "diff \"${PODS_PODFILE_DIR_PATH}/Podfile.lock\" \"${PODS_ROOT}/Manifest.lock\" > /dev/null\nif [ $? != 0 ] ; then\n    # print error to STDERR\n    echo \"error: The sandbox is not in sync with the Podfile.lock. Run 'pod install' or update your CocoaPods installation.\" >&2\n    exit 1\nfi\n# This output is used by Xcode 'outputs' to avoid re-running this script phase.\necho \"SUCCESS\" > \"${SCRIPT_OUTPUT_FILE_0}\"\n";
			showEnvVarsInLog = 0;
		};
		89521296B177DD4D2CAD118A /* [CP] Embed Pods Frameworks */ = {
			isa = PBXShellScriptBuildPhase;
			buildActionMask = 2147483647;
			files = (
			);
			inputFileListPaths = (
				"${PODS_ROOT}/Target Support Files/Pods-MBC Movie Guide/Pods-MBC Movie Guide-frameworks-${CONFIGURATION}-input-files.xcfilelist",
			);
			name = "[CP] Embed Pods Frameworks";
			outputFileListPaths = (
				"${PODS_ROOT}/Target Support Files/Pods-MBC Movie Guide/Pods-MBC Movie Guide-frameworks-${CONFIGURATION}-output-files.xcfilelist",
			);
			runOnlyForDeploymentPostprocessing = 0;
			shellPath = /bin/sh;
			shellScript = "\"${PODS_ROOT}/Target Support Files/Pods-MBC Movie Guide/Pods-MBC Movie Guide-frameworks.sh\"\n";
			showEnvVarsInLog = 0;
		};
/* End PBXShellScriptBuildPhase section */

/* Begin PBXSourcesBuildPhase section */
		CF47AF8E2875C5A400ADED3D /* Sources */ = {
			isa = PBXSourcesBuildPhase;
			buildActionMask = 2147483647;
			files = (
				CFC8E97128775CBF006E33E6 /* LandingCoordinator.swift in Sources */,
				CFAEBA762889728B00C5E8CF /* CastCollectionViewCell.swift in Sources */,
				CF0B307E287E9EB600C093BA /* TimelineViewController.swift in Sources */,
				CF601E2A288589F000AA7E80 /* MBCImageView.swift in Sources */,
				CF601E482885A45800AA7E80 /* SideMenuTableViewCell.swift in Sources */,
				CFA61A22288A80A300ACB756 /* ReminderMenuViewModel.swift in Sources */,
				CFF9F2932886EAEF00DDE552 /* SideMenuViewModel.swift in Sources */,
				CF8EB66328832FBE00D8F616 /* PopUpTableViewCell.swift in Sources */,
				CF0B3090287EB33E00C093BA /* APIService.swift in Sources */,
				CF0B308C287EB23300C093BA /* MovieData.swift in Sources */,
				CF8DD0CE2887E02D00A5ECFE /* MovieDetailsViewModel.swift in Sources */,
				CF0B3088287EAC1C00C093BA /* MovieItem.swift in Sources */,
				CFA61A42288C639200ACB756 /* UIImage+Extensions.swift in Sources */,
				CF0B308E287EB32200C093BA /* NetworkService.swift in Sources */,
				CF0B307C287E9E5D00C093BA /* TimelineViewModel.swift in Sources */,
				CFA7AA0528789B62001434F5 /* SUMinorTableViewCell.swift in Sources */,
				CFC8E96828774F7D006E33E6 /* AppCoordinator.swift in Sources */,
				CFA61A35288BE4F200ACB756 /* SettingsViewController.swift in Sources */,
				CFA61A34288BE4F200ACB756 /* SettingsCoordinator.swift in Sources */,
				CFF39AD028815ABF00A7D428 /* BackgroundSupplementaryView.swift in Sources */,
				CFA064D928883E7200379898 /* MovieDetailsHeaderReusableView.swift in Sources */,
				CF8DD0CC2887E02D00A5ECFE /* MovieDetailsViewController.swift in Sources */,
				CFC7E2292889D9A400958AFC /* GenresCollectionViewCell.swift in Sources */,
				CFF39AD2288165EF00A7D428 /* SectionHeaderReusableView.swift in Sources */,
				CF8DD0CB2887E02D00A5ECFE /* MovieDetailsCoordinator.swift in Sources */,
				CF94F9DC28802F1200FFF16A /* MBCCollectionView.swift in Sources */,
				CF601E262884026C00AA7E80 /* LanguageService.swift in Sources */,
				CF47AF9A2875C5A400ADED3D /* LandingViewController.swift in Sources */,
				CF8DD0DE2887E89300A5ECFE /* MovieDetailsCollectionView.swift in Sources */,
				CF47AF962875C5A400ADED3D /* AppDelegate.swift in Sources */,
				CF8DD0CD2887E02D00A5ECFE /* MovieDetailsUIModel.swift in Sources */,
				CFC330F328760813001A956C /* LandingViewModel.swift in Sources */,
				CFA61A40288C628B00ACB756 /* MBCSegmentedControl.swift in Sources */,
				CFE2CC252889CD3000006B54 /* DirectorsCollectionViewCell.swift in Sources */,
				CF47AF982875C5A400ADED3D /* SceneDelegate.swift in Sources */,
				CF0B3093287EB7C500C093BA /* NError.swift in Sources */,
				CFBFD7652876BFCA00D4BBBB /* Constants.swift in Sources */,
				CF11BCE7287D9D420052A1DF /* UserSession.swift in Sources */,
				CFA61A36288BE4F200ACB756 /* SettingsUIModel.swift in Sources */,
				CF8EB6662883313F00D8F616 /* Date+Extensions.swift in Sources */,
				CFAEBA89288997E600C5E8CF /* SectionTitleReusableHeaderView.swift in Sources */,
				CF0B3096287EF6C200C093BA /* Data+Extensions.swift in Sources */,
				CFC8E9512876F5DE006E33E6 /* SignUpTableViewCell.swift in Sources */,
				CF5539892887F4EA004CC1E5 /* MovieDetail.swift in Sources */,
				CFA61A20288A80A300ACB756 /* ReminderMenuViewController.swift in Sources */,
				CFA61A37288BE4F200ACB756 /* SettingsViewModel.swift in Sources */,
				CF11BCE9287D9F380052A1DF /* String+Extensions.swift in Sources */,
				CF7006E628871B7700D8F374 /* SideMenuCoordinator.swift in Sources */,
				CFAEBA7228896AFF00C5E8CF /* SynopsisCollectionViewCell.swift in Sources */,
				CF94F9E1288041B700FFF16A /* TimelineMovieCell.swift in Sources */,
				CFBFD7602876B43400D4BBBB /* SignUpViewModel.swift in Sources */,
				CFF39AD92883169300A7D428 /* PopUpViewController.swift in Sources */,
				CFBFD75E2876B41900D4BBBB /* SignUpViewController.swift in Sources */,
				CFA7A9F2287830F5001434F5 /* BaseCoordinator.swift in Sources */,
				CF7316F52886982A00F85F60 /* SideMenuUIModel.swift in Sources */,
				CFA61A1F288A80A300ACB756 /* ReminderMenuCoordinator.swift in Sources */,
				CFC8E97328776A94006E33E6 /* UIViewController+Extensions.swift in Sources */,
				CFD51CDA288D7C2E00F14A03 /* NSTextAlignment+Extensions.swift in Sources */,
				CFA7A9F02878049D001434F5 /* SignUpCoordinator.swift in Sources */,
				CFF39AD62881F93E00A7D428 /* UIView+Extensions.swift in Sources */,
				CFA61A2B288AC3D600ACB756 /* CalendarService.swift in Sources */,
				CF0B3084287EA89300C093BA /* CompositionalLayout.swift in Sources */,
				CFBCD64B287C15C900D9EA0D /* WebViewController.swift in Sources */,
				CFA61A21288A80A300ACB756 /* ReminderMenuUIModel.swift in Sources */,
				CF918938287E000200198F17 /* User.swift in Sources */,
				CF7316F22886952B00F85F60 /* SideMenuViewController.swift in Sources */,
				CF0B307A287E9D4300C093BA /* TimelineCoordinator.swift in Sources */,
			);
			runOnlyForDeploymentPostprocessing = 0;
		};
/* End PBXSourcesBuildPhase section */

/* Begin PBXVariantGroup section */
		CF47AF9B2875C5A400ADED3D /* LandingViewController.storyboard */ = {
			isa = PBXVariantGroup;
			children = (
				CF47AF9C2875C5A400ADED3D /* Base */,
			);
			name = LandingViewController.storyboard;
			sourceTree = "<group>";
		};
		CF47AFA02875C5A600ADED3D /* LaunchScreen.storyboard */ = {
			isa = PBXVariantGroup;
			children = (
				CF47AFA12875C5A600ADED3D /* Base */,
			);
			name = LaunchScreen.storyboard;
			sourceTree = "<group>";
		};
		CFC8E96128770404006E33E6 /* Localizable.strings */ = {
			isa = PBXVariantGroup;
			children = (
				CFC8E96028770404006E33E6 /* en */,
				CFC8E96228770409006E33E6 /* ar */,
			);
			name = Localizable.strings;
			sourceTree = "<group>";
		};
/* End PBXVariantGroup section */

/* Begin XCBuildConfiguration section */
		CF47AFA42875C5A600ADED3D /* Debug */ = {
			isa = XCBuildConfiguration;
			buildSettings = {
				ALWAYS_SEARCH_USER_PATHS = NO;
				CLANG_ANALYZER_LOCALIZABILITY_NONLOCALIZED = YES;
				CLANG_ANALYZER_NONNULL = YES;
				CLANG_ANALYZER_NUMBER_OBJECT_CONVERSION = YES_AGGRESSIVE;
				CLANG_CXX_LANGUAGE_STANDARD = "gnu++17";
				CLANG_ENABLE_MODULES = YES;
				CLANG_ENABLE_OBJC_ARC = YES;
				CLANG_ENABLE_OBJC_WEAK = YES;
				CLANG_WARN_BLOCK_CAPTURE_AUTORELEASING = YES;
				CLANG_WARN_BOOL_CONVERSION = YES;
				CLANG_WARN_COMMA = YES;
				CLANG_WARN_CONSTANT_CONVERSION = YES;
				CLANG_WARN_DEPRECATED_OBJC_IMPLEMENTATIONS = YES;
				CLANG_WARN_DIRECT_OBJC_ISA_USAGE = YES_ERROR;
				CLANG_WARN_DOCUMENTATION_COMMENTS = YES;
				CLANG_WARN_EMPTY_BODY = YES;
				CLANG_WARN_ENUM_CONVERSION = YES;
				CLANG_WARN_INFINITE_RECURSION = YES;
				CLANG_WARN_INT_CONVERSION = YES;
				CLANG_WARN_NON_LITERAL_NULL_CONVERSION = YES;
				CLANG_WARN_OBJC_IMPLICIT_RETAIN_SELF = YES;
				CLANG_WARN_OBJC_LITERAL_CONVERSION = YES;
				CLANG_WARN_OBJC_ROOT_CLASS = YES_ERROR;
				CLANG_WARN_QUOTED_INCLUDE_IN_FRAMEWORK_HEADER = YES;
				CLANG_WARN_RANGE_LOOP_ANALYSIS = YES;
				CLANG_WARN_STRICT_PROTOTYPES = YES;
				CLANG_WARN_SUSPICIOUS_MOVE = YES;
				CLANG_WARN_UNGUARDED_AVAILABILITY = YES_AGGRESSIVE;
				CLANG_WARN_UNREACHABLE_CODE = YES;
				CLANG_WARN__DUPLICATE_METHOD_MATCH = YES;
				COPY_PHASE_STRIP = NO;
				DEBUG_INFORMATION_FORMAT = dwarf;
				ENABLE_STRICT_OBJC_MSGSEND = YES;
				ENABLE_TESTABILITY = YES;
				GCC_C_LANGUAGE_STANDARD = gnu11;
				GCC_DYNAMIC_NO_PIC = NO;
				GCC_NO_COMMON_BLOCKS = YES;
				GCC_OPTIMIZATION_LEVEL = 0;
				GCC_PREPROCESSOR_DEFINITIONS = (
					"DEBUG=1",
					"$(inherited)",
				);
				GCC_WARN_64_TO_32_BIT_CONVERSION = YES;
				GCC_WARN_ABOUT_RETURN_TYPE = YES_ERROR;
				GCC_WARN_UNDECLARED_SELECTOR = YES;
				GCC_WARN_UNINITIALIZED_AUTOS = YES_AGGRESSIVE;
				GCC_WARN_UNUSED_FUNCTION = YES;
				GCC_WARN_UNUSED_VARIABLE = YES;
				IPHONEOS_DEPLOYMENT_TARGET = 15.5;
				MTL_ENABLE_DEBUG_INFO = INCLUDE_SOURCE;
				MTL_FAST_MATH = YES;
				ONLY_ACTIVE_ARCH = YES;
				SDKROOT = iphoneos;
				SWIFT_ACTIVE_COMPILATION_CONDITIONS = DEBUG;
				SWIFT_OPTIMIZATION_LEVEL = "-Onone";
			};
			name = Debug;
		};
		CF47AFA52875C5A600ADED3D /* Release */ = {
			isa = XCBuildConfiguration;
			buildSettings = {
				ALWAYS_SEARCH_USER_PATHS = NO;
				CLANG_ANALYZER_LOCALIZABILITY_NONLOCALIZED = YES;
				CLANG_ANALYZER_NONNULL = YES;
				CLANG_ANALYZER_NUMBER_OBJECT_CONVERSION = YES_AGGRESSIVE;
				CLANG_CXX_LANGUAGE_STANDARD = "gnu++17";
				CLANG_ENABLE_MODULES = YES;
				CLANG_ENABLE_OBJC_ARC = YES;
				CLANG_ENABLE_OBJC_WEAK = YES;
				CLANG_WARN_BLOCK_CAPTURE_AUTORELEASING = YES;
				CLANG_WARN_BOOL_CONVERSION = YES;
				CLANG_WARN_COMMA = YES;
				CLANG_WARN_CONSTANT_CONVERSION = YES;
				CLANG_WARN_DEPRECATED_OBJC_IMPLEMENTATIONS = YES;
				CLANG_WARN_DIRECT_OBJC_ISA_USAGE = YES_ERROR;
				CLANG_WARN_DOCUMENTATION_COMMENTS = YES;
				CLANG_WARN_EMPTY_BODY = YES;
				CLANG_WARN_ENUM_CONVERSION = YES;
				CLANG_WARN_INFINITE_RECURSION = YES;
				CLANG_WARN_INT_CONVERSION = YES;
				CLANG_WARN_NON_LITERAL_NULL_CONVERSION = YES;
				CLANG_WARN_OBJC_IMPLICIT_RETAIN_SELF = YES;
				CLANG_WARN_OBJC_LITERAL_CONVERSION = YES;
				CLANG_WARN_OBJC_ROOT_CLASS = YES_ERROR;
				CLANG_WARN_QUOTED_INCLUDE_IN_FRAMEWORK_HEADER = YES;
				CLANG_WARN_RANGE_LOOP_ANALYSIS = YES;
				CLANG_WARN_STRICT_PROTOTYPES = YES;
				CLANG_WARN_SUSPICIOUS_MOVE = YES;
				CLANG_WARN_UNGUARDED_AVAILABILITY = YES_AGGRESSIVE;
				CLANG_WARN_UNREACHABLE_CODE = YES;
				CLANG_WARN__DUPLICATE_METHOD_MATCH = YES;
				COPY_PHASE_STRIP = NO;
				DEBUG_INFORMATION_FORMAT = "dwarf-with-dsym";
				ENABLE_NS_ASSERTIONS = NO;
				ENABLE_STRICT_OBJC_MSGSEND = YES;
				GCC_C_LANGUAGE_STANDARD = gnu11;
				GCC_NO_COMMON_BLOCKS = YES;
				GCC_WARN_64_TO_32_BIT_CONVERSION = YES;
				GCC_WARN_ABOUT_RETURN_TYPE = YES_ERROR;
				GCC_WARN_UNDECLARED_SELECTOR = YES;
				GCC_WARN_UNINITIALIZED_AUTOS = YES_AGGRESSIVE;
				GCC_WARN_UNUSED_FUNCTION = YES;
				GCC_WARN_UNUSED_VARIABLE = YES;
				IPHONEOS_DEPLOYMENT_TARGET = 15.5;
				MTL_ENABLE_DEBUG_INFO = NO;
				MTL_FAST_MATH = YES;
				SDKROOT = iphoneos;
				SWIFT_COMPILATION_MODE = wholemodule;
				SWIFT_OPTIMIZATION_LEVEL = "-O";
				VALIDATE_PRODUCT = YES;
			};
			name = Release;
		};
		CF47AFA72875C5A600ADED3D /* Debug */ = {
			isa = XCBuildConfiguration;
			baseConfigurationReference = 50C34EB3AF3491D5477A5043 /* Pods-MBC Movie Guide.debug.xcconfig */;
			buildSettings = {
				ASSETCATALOG_COMPILER_APPICON_NAME = AppIcon;
				ASSETCATALOG_COMPILER_GLOBAL_ACCENT_COLOR_NAME = AccentColor;
				CODE_SIGN_STYLE = Automatic;
				CURRENT_PROJECT_VERSION = 1;
				DEVELOPMENT_TEAM = L7KZPDRX49;
				GENERATE_INFOPLIST_FILE = YES;
				INFOPLIST_FILE = "MBC Movie Guide/Supporting Files/Info.plist";
				INFOPLIST_KEY_UIApplicationSupportsIndirectInputEvents = YES;
				INFOPLIST_KEY_UILaunchStoryboardName = LaunchScreen;
				INFOPLIST_KEY_UIStatusBarHidden = NO;
				INFOPLIST_KEY_UISupportedInterfaceOrientations = UIInterfaceOrientationPortrait;
				INFOPLIST_KEY_UISupportedInterfaceOrientations_iPad = "UIInterfaceOrientationPortrait UIInterfaceOrientationPortraitUpsideDown UIInterfaceOrientationLandscapeLeft UIInterfaceOrientationLandscapeRight";
				INFOPLIST_KEY_UISupportedInterfaceOrientations_iPhone = "UIInterfaceOrientationPortrait UIInterfaceOrientationLandscapeLeft UIInterfaceOrientationLandscapeRight";
				LD_RUNPATH_SEARCH_PATHS = (
					"$(inherited)",
					"@executable_path/Frameworks",
				);
				MARKETING_VERSION = 1.0;
				PRODUCT_BUNDLE_IDENTIFIER = "pmatar.MBC-Movie-Guide";
				PRODUCT_NAME = "$(TARGET_NAME)";
				SWIFT_EMIT_LOC_STRINGS = YES;
				SWIFT_VERSION = 5.0;
				TARGETED_DEVICE_FAMILY = 1;
			};
			name = Debug;
		};
		CF47AFA82875C5A600ADED3D /* Release */ = {
			isa = XCBuildConfiguration;
			baseConfigurationReference = 5EC4C3071CD6C3AB4101ED04 /* Pods-MBC Movie Guide.release.xcconfig */;
			buildSettings = {
				ASSETCATALOG_COMPILER_APPICON_NAME = AppIcon;
				ASSETCATALOG_COMPILER_GLOBAL_ACCENT_COLOR_NAME = AccentColor;
				CODE_SIGN_STYLE = Automatic;
				CURRENT_PROJECT_VERSION = 1;
				DEVELOPMENT_TEAM = L7KZPDRX49;
				GENERATE_INFOPLIST_FILE = YES;
				INFOPLIST_FILE = "MBC Movie Guide/Supporting Files/Info.plist";
				INFOPLIST_KEY_UIApplicationSupportsIndirectInputEvents = YES;
				INFOPLIST_KEY_UILaunchStoryboardName = LaunchScreen;
				INFOPLIST_KEY_UIStatusBarHidden = NO;
				INFOPLIST_KEY_UISupportedInterfaceOrientations = UIInterfaceOrientationPortrait;
				INFOPLIST_KEY_UISupportedInterfaceOrientations_iPad = "UIInterfaceOrientationPortrait UIInterfaceOrientationPortraitUpsideDown UIInterfaceOrientationLandscapeLeft UIInterfaceOrientationLandscapeRight";
				INFOPLIST_KEY_UISupportedInterfaceOrientations_iPhone = "UIInterfaceOrientationPortrait UIInterfaceOrientationLandscapeLeft UIInterfaceOrientationLandscapeRight";
				LD_RUNPATH_SEARCH_PATHS = (
					"$(inherited)",
					"@executable_path/Frameworks",
				);
				MARKETING_VERSION = 1.0;
				PRODUCT_BUNDLE_IDENTIFIER = "pmatar.MBC-Movie-Guide";
				PRODUCT_NAME = "$(TARGET_NAME)";
				SWIFT_EMIT_LOC_STRINGS = YES;
				SWIFT_VERSION = 5.0;
				TARGETED_DEVICE_FAMILY = 1;
			};
			name = Release;
		};
/* End XCBuildConfiguration section */

/* Begin XCConfigurationList section */
		CF47AF8D2875C5A400ADED3D /* Build configuration list for PBXProject "MBC Movie Guide" */ = {
			isa = XCConfigurationList;
			buildConfigurations = (
				CF47AFA42875C5A600ADED3D /* Debug */,
				CF47AFA52875C5A600ADED3D /* Release */,
			);
			defaultConfigurationIsVisible = 0;
			defaultConfigurationName = Release;
		};
		CF47AFA62875C5A600ADED3D /* Build configuration list for PBXNativeTarget "MBC Movie Guide" */ = {
			isa = XCConfigurationList;
			buildConfigurations = (
				CF47AFA72875C5A600ADED3D /* Debug */,
				CF47AFA82875C5A600ADED3D /* Release */,
			);
			defaultConfigurationIsVisible = 0;
			defaultConfigurationName = Release;
		};
/* End XCConfigurationList section */

/* Begin XCRemoteSwiftPackageReference section */
		CFD51CD6288D66B200F14A03 /* XCRemoteSwiftPackageReference "Localize-Swift" */ = {
			isa = XCRemoteSwiftPackageReference;
			repositoryURL = "https://github.com/marmelroy/Localize-Swift.git";
			requirement = {
				kind = upToNextMajorVersion;
				minimumVersion = 3.2.0;
			};
		};
/* End XCRemoteSwiftPackageReference section */

/* Begin XCSwiftPackageProductDependency section */
		CFD51CD7288D66B200F14A03 /* Localize_Swift */ = {
			isa = XCSwiftPackageProductDependency;
			package = CFD51CD6288D66B200F14A03 /* XCRemoteSwiftPackageReference "Localize-Swift" */;
			productName = Localize_Swift;
		};
/* End XCSwiftPackageProductDependency section */
	};
	rootObject = CF47AF8A2875C5A400ADED3D /* Project object */;
}
